
Microsoft Visual Studio Solution File, Format Version 12.00
# Visual Studio Version 16
VisualStudioVersion = 16.0.30611.23
MinimumVisualStudioVersion = 10.0.40219.1
Project("{FAE04EC0-301F-11D3-BF4B-00C04F79EFBC}") = "uCookieConsent.Plugin", "uCookieConsent.Plugin\uCookieConsent.Plugin.csproj", "{830C12CD-0FBB-4ACA-99BD-5B38170A3AF2}"
EndProject
Project("{FAE04EC0-301F-11D3-BF4B-00C04F79EFBC}") = "uCookieConsent.Web", "uCookieConsent.Web\uCookieConsent.Web.csproj", "{EFAE87FA-2263-4038-B717-4E53FC37DB93}"
EndProject
Project("{2150E333-8FDC-42A3-9474-1A3956D46DE8}") = "Extra", "Extra", "{4C700094-B4A6-4301-8020-AF3746824385}"
	ProjectSection(SolutionItems) = preProject
		.gitignore = .gitignore
		LICENSE = LICENSE
		README.md = README.md
	EndProjectSection
EndProject
Global
	GlobalSection(SolutionConfigurationPlatforms) = preSolution
		Debug|Any CPU = Debug|Any CPU
		Release|Any CPU = Release|Any CPU
	EndGlobalSection
	GlobalSection(ProjectConfigurationPlatforms) = postSolution
		{830C12CD-0FBB-4ACA-99BD-5B38170A3AF2}.Debug|Any CPU.ActiveCfg = Debug|Any CPU
		{830C12CD-0FBB-4ACA-99BD-5B38170A3AF2}.Debug|Any CPU.Build.0 = Debug|Any CPU
		{830C12CD-0FBB-4ACA-99BD-5B38170A3AF2}.Release|Any CPU.ActiveCfg = Release|Any CPU
		{830C12CD-0FBB-4ACA-99BD-5B38170A3AF2}.Release|Any CPU.Build.0 = Release|Any CPU
		{EFAE87FA-2263-4038-B717-4E53FC37DB93}.Debug|Any CPU.ActiveCfg = Debug|Any CPU
		{EFAE87FA-2263-4038-B717-4E53FC37DB93}.Debug|Any CPU.Build.0 = Debug|Any CPU
		{EFAE87FA-2263-4038-B717-4E53FC37DB93}.Release|Any CPU.ActiveCfg = Release|Any CPU
		{EFAE87FA-2263-4038-B717-4E53FC37DB93}.Release|Any CPU.Build.0 = Release|Any CPU
	EndGlobalSection
	GlobalSection(SolutionProperties) = preSolution
		HideSolutionNode = FALSE
	EndGlobalSection
	GlobalSection(ExtensibilityGlobals) = postSolution
		SolutionGuid = {920BECA9-FDE3-410C-B188-409E6C3AFA38}
	EndGlobalSection
EndGlobal
